lockfileVersion: '9.0'

settings:
  autoInstallPeers: false
  excludeLinksFromLockfile: false

importers:

  .:
    dependencies:
      dsh-safe-developer:
        specifier: link:../../../dsh-safe-developer
        version: link:../../../dsh-safe-developer
      dsh-screen-analyzer:
        specifier: link:../../../screen-tool
        version: link:../../../screen-tool
